
Microsoft Visual Studio Solution File, Format Version 12.00
# Visual Studio Version 17
VisualStudioVersion = 17.1.32210.238
MinimumVisualStudioVersion = 10.0.40219.1
Project("{FAE04EC0-301F-11D3-BF4B-00C04F79EFBC}") = "CrudApiDemo", "CrudApiDemo\CrudApiDemo.csproj", "{D4C62A54-E933-44D5-9D88-1A6BA2170C98}"
EndProject
Project("{FAE04EC0-301F-11D3-BF4B-00C04F79EFBC}") = "CrudDemoDataAccessLayer", "CrudDemoDataAccessLayer\CrudDemoDataAccessLayer.csproj", "{04CD4CDC-BE3E-42FA-8D54-2432310083DE}"
EndProject
Project("{FAE04EC0-301F-11D3-BF4B-00C04F79EFBC}") = "CrudDemoServicesLayer", "CrudDemoServicesLayer\CrudDemoServicesLayer.csproj", "{0D974DF1-9A17-4F8D-87F6-E961D625B572}"
EndProject
Global
	GlobalSection(SolutionConfigurationPlatforms) = preSolution
		Debug|Any CPU = Debug|Any CPU
		Release|Any CPU = Release|Any CPU
	EndGlobalSection
	GlobalSection(ProjectConfigurationPlatforms) = postSolution
		{D4C62A54-E933-44D5-9D88-1A6BA2170C98}.Debug|Any CPU.ActiveCfg = Debug|Any CPU
		{D4C62A54-E933-44D5-9D88-1A6BA2170C98}.Debug|Any CPU.Build.0 = Debug|Any CPU
		{D4C62A54-E933-44D5-9D88-1A6BA2170C98}.Release|Any CPU.ActiveCfg = Release|Any CPU
		{D4C62A54-E933-44D5-9D88-1A6BA2170C98}.Release|Any CPU.Build.0 = Release|Any CPU
		{04CD4CDC-BE3E-42FA-8D54-2432310083DE}.Debug|Any CPU.ActiveCfg = Debug|Any CPU
		{04CD4CDC-BE3E-42FA-8D54-2432310083DE}.Debug|Any CPU.Build.0 = Debug|Any CPU
		{04CD4CDC-BE3E-42FA-8D54-2432310083DE}.Release|Any CPU.ActiveCfg = Release|Any CPU
		{04CD4CDC-BE3E-42FA-8D54-2432310083DE}.Release|Any CPU.Build.0 = Release|Any CPU
		{0D974DF1-9A17-4F8D-87F6-E961D625B572}.Debug|Any CPU.ActiveCfg = Debug|Any CPU
		{0D974DF1-9A17-4F8D-87F6-E961D625B572}.Debug|Any CPU.Build.0 = Debug|Any CPU
		{0D974DF1-9A17-4F8D-87F6-E961D625B572}.Release|Any CPU.ActiveCfg = Release|Any CPU
		{0D974DF1-9A17-4F8D-87F6-E961D625B572}.Release|Any CPU.Build.0 = Release|Any CPU
	EndGlobalSection
	GlobalSection(SolutionProperties) = preSolution
		HideSolutionNode = FALSE
	EndGlobalSection
	GlobalSection(ExtensibilityGlobals) = postSolution
		SolutionGuid = {BB338ACB-C5AE-4629-B32A-B325A34A5DA7}
	EndGlobalSection
EndGlobal
